
Microsoft Visual Studio Solution File, Format Version 12.00
# Visual Studio Version 16
VisualStudioVersion = 16.0.30320.27
MinimumVisualStudioVersion = 10.0.40219.1
Project("{F184B08F-C81C-45F6-A57F-5ABD9991F28F}") = "Universal AdBlocker", "Universal AdBlocker\Universal AdBlocker.vbproj", "{A39A9B70-2F8B-4C4A-8F8B-5449E9DD94D8}"
EndProject
Global
	GlobalSection(SolutionConfigurationPlatforms) = preSolution
		Debug|Any CPU = Debug|Any CPU
		Release|Any CPU = Release|Any CPU
	EndGlobalSection
	GlobalSection(ProjectConfigurationPlatforms) = postSolution
		{A39A9B70-2F8B-4C4A-8F8B-5449E9DD94D8}.Debug|Any CPU.ActiveCfg = Debug|Any CPU
		{A39A9B70-2F8B-4C4A-8F8B-5449E9DD94D8}.Debug|Any CPU.Build.0 = Debug|Any CPU
		{A39A9B70-2F8B-4C4A-8F8B-5449E9DD94D8}.Release|Any CPU.ActiveCfg = Release|Any CPU
		{A39A9B70-2F8B-4C4A-8F8B-5449E9DD94D8}.Release|Any CPU.Build.0 = Release|Any CPU
	EndGlobalSection
	GlobalSection(SolutionProperties) = preSolution
		HideSolutionNode = FALSE
	EndGlobalSection
	GlobalSection(ExtensibilityGlobals) = postSolution
		SolutionGuid = {395CC8A9-61AE-48BE-8CBE-B8BA7C9172B4}
	EndGlobalSection
EndGlobal
